
Microsoft Visual Studio Solution File, Format Version 12.00
# Visual Studio Version 16
VisualStudioVersion = 16.0.29911.84
MinimumVisualStudioVersion = 10.0.40219.1
Project("{FAE04EC0-301F-11D3-BF4B-00C04F79EFBC}") = "WebApplication_Module6_TP1", "WebApplication_Module6_TP1\WebApplication_Module6_TP1.csproj", "{8145D7B0-A1C2-4D94-9ED4-11B5980303BD}"
EndProject
Global
	GlobalSection(SolutionConfigurationPlatforms) = preSolution
		Debug|Any CPU = Debug|Any CPU
		Release|Any CPU = Release|Any CPU
	EndGlobalSection
	GlobalSection(ProjectConfigurationPlatforms) = postSolution
		{8145D7B0-A1C2-4D94-9ED4-11B5980303BD}.Debug|Any CPU.ActiveCfg = Debug|Any CPU
		{8145D7B0-A1C2-4D94-9ED4-11B5980303BD}.Debug|Any CPU.Build.0 = Debug|Any CPU
		{8145D7B0-A1C2-4D94-9ED4-11B5980303BD}.Release|Any CPU.ActiveCfg = Release|Any CPU
		{8145D7B0-A1C2-4D94-9ED4-11B5980303BD}.Release|Any CPU.Build.0 = Release|Any CPU
	EndGlobalSection
	GlobalSection(SolutionProperties) = preSolution
		HideSolutionNode = FALSE
	EndGlobalSection
	GlobalSection(ExtensibilityGlobals) = postSolution
		SolutionGuid = {05978A79-8507-418B-BFB2-487FF2AEE706}
	EndGlobalSection
EndGlobal
